
Microsoft Visual Studio Solution File, Format Version 12.00
# Visual Studio Version 16
VisualStudioVersion = 16.0.31624.102
MinimumVisualStudioVersion = 10.0.40219.1
Project("{9A19103F-16F7-4668-BE54-9A1E7A4F7556}") = "TemporaryTablesEF", "TemporaryTablesEF\TemporaryTablesEF.csproj", "{945E189D-30F2-42E8-953E-099401FC4746}"
EndProject
Project("{FAE04EC0-301F-11D3-BF4B-00C04F79EFBC}") = "TemporaryTablesEF.Tests", "TemporaryTablesEF.Tests\TemporaryTablesEF.Tests.csproj", "{9E6E478B-8175-4A06-8261-E1768E07BBCB}"
EndProject
Project("{FAE04EC0-301F-11D3-BF4B-00C04F79EFBC}") = "TemporaryTablesEF.Example", "TemporaryTablesEF.Example\TemporaryTablesEF.Example.csproj", "{C56712C5-9FBA-45A2-8373-63060CF63647}"
EndProject
Global
	GlobalSection(SolutionConfigurationPlatforms) = preSolution
		Debug|Any CPU = Debug|Any CPU
		Release|Any CPU = Release|Any CPU
	EndGlobalSection
	GlobalSection(ProjectConfigurationPlatforms) = postSolution
		{945E189D-30F2-42E8-953E-099401FC4746}.Debug|Any CPU.ActiveCfg = Debug|Any CPU
		{945E189D-30F2-42E8-953E-099401FC4746}.Debug|Any CPU.Build.0 = Debug|Any CPU
		{945E189D-30F2-42E8-953E-099401FC4746}.Release|Any CPU.ActiveCfg = Release|Any CPU
		{945E189D-30F2-42E8-953E-099401FC4746}.Release|Any CPU.Build.0 = Release|Any CPU
		{9E6E478B-8175-4A06-8261-E1768E07BBCB}.Debug|Any CPU.ActiveCfg = Debug|Any CPU
		{9E6E478B-8175-4A06-8261-E1768E07BBCB}.Debug|Any CPU.Build.0 = Debug|Any CPU
		{9E6E478B-8175-4A06-8261-E1768E07BBCB}.Release|Any CPU.ActiveCfg = Release|Any CPU
		{9E6E478B-8175-4A06-8261-E1768E07BBCB}.Release|Any CPU.Build.0 = Release|Any CPU
		{C56712C5-9FBA-45A2-8373-63060CF63647}.Debug|Any CPU.ActiveCfg = Debug|Any CPU
		{C56712C5-9FBA-45A2-8373-63060CF63647}.Debug|Any CPU.Build.0 = Debug|Any CPU
		{C56712C5-9FBA-45A2-8373-63060CF63647}.Release|Any CPU.ActiveCfg = Release|Any CPU
		{C56712C5-9FBA-45A2-8373-63060CF63647}.Release|Any CPU.Build.0 = Release|Any CPU
	EndGlobalSection
	GlobalSection(SolutionProperties) = preSolution
		HideSolutionNode = FALSE
	EndGlobalSection
	GlobalSection(ExtensibilityGlobals) = postSolution
		SolutionGuid = {90DEF440-4E95-475C-928F-EB543A121438}
	EndGlobalSection
EndGlobal
